{
  "name": "backend",
  "lockfileVersion": 3,
  "requires": true,
  "packages": {
    "": {
      "dependencies": {
        "alembic": "^0.0.3"
      }
    },
    "node_modules/alembic": {
      "version": "0.0.3",
      "resolved": "https://registry.npmjs.org/alembic/-/alembic-0.0.3.tgz",
      "integrity": "sha512-hM73PLl2g+SkpQRtfJbsBVz0UQHKTqkklkgZ7fXwVCeRHP8aPuoG4gpoGbr5ZGGy2zZ42qEMOViYjNwxsrCxRA==",
      "cpu": [
        "x64"
      ],
      "license": "MIT",
      "os": [
        "win32",
        "darwin"
      ]
    }
  }
}
